{
  "version": "4",
  "specifiers": {
    "jsr:@std/assert@1.0.10": "1.0.10",
    "jsr:@std/internal@^1.0.5": "1.0.5"
  },
  "jsr": {
    "@std/assert@1.0.10": {
      "integrity": "59b5cbac5bd55459a19045d95cc7c2ff787b4f8527c0dd195078ff6f9481fbb3",
      "dependencies": [
        "jsr:@std/internal"
      ]
    },
    "@std/internal@1.0.5": {
      "integrity": "54a546004f769c1ac9e025abd15a76b6671ddc9687e2313b67376125650dc7ba"
    }
  },
  "remote": {
    "https://raw.githubusercontent.com/i-xi-dev/type.es/4.0.0/mod.ts": "a82b2fcf3279e67ced7aa19b33ce3bad5be7a6e74c8c97d960820c512c649c9a",
    "https://raw.githubusercontent.com/i-xi-dev/type.es/4.0.0/src/_.ts": "759d3d7e16da0d61fd2eed0ad3064b657417f7bca908614f0a90506a297ef71e",
    "https://raw.githubusercontent.com/i-xi-dev/type.es/4.0.0/src/_2/array_buffer_type.ts": "5de7b50c14f6ff5eda27f019c039c58718b15e9475f734865891e8dd445a81cf",
    "https://raw.githubusercontent.com/i-xi-dev/type.es/4.0.0/src/_2/growable_buffer.ts": "8a3f252d3c3a50086f7005378fba41bd24058cda01d6a827788644e0e6af2e26",
    "https://raw.githubusercontent.com/i-xi-dev/type.es/4.0.0/src/basics/abort_error.ts": "08e409397e4810585b35d7e0d54cc4f54e04a9d808e0882f8ef20a13f867e7c1",
    "https://raw.githubusercontent.com/i-xi-dev/type.es/4.0.0/src/basics/buffer_source_type.ts": "fdf6d2c38ed0cf49a98dc21d44f51cba03ede5152c46e37a824639493af51884",
    "https://raw.githubusercontent.com/i-xi-dev/type.es/4.0.0/src/basics/byte_order.ts": "026117ddf8436ca57ee6481e81a8681e6d7a66762fe77f21031536a17fcf5717",
    "https://raw.githubusercontent.com/i-xi-dev/type.es/4.0.0/src/basics/invalid_character_error.ts": "5790c58e92d5f6af90eff96ae1d004de28fef81d888e7d3e33c31836d9dcbab4",
    "https://raw.githubusercontent.com/i-xi-dev/type.es/4.0.0/src/basics/invalid_state_error.ts": "5039daa48f48ace19bd8491a387fcb4cd158acf3af6946c87d7ccfca627157c5",
    "https://raw.githubusercontent.com/i-xi-dev/type.es/4.0.0/src/basics/mod.ts": "780a2ebf77113382ab3db2de5c398c4704a6ae6cfcad738feb4186e36a4ddf85",
    "https://raw.githubusercontent.com/i-xi-dev/type.es/4.0.0/src/basics/object_type.ts": "c6028892f4e82b6e93a91f062157e7055fecb38f1ff13a300aa3c8ea6e34204b",
    "https://raw.githubusercontent.com/i-xi-dev/type.es/4.0.0/src/basics/string_type.ts": "fdebdcd14fb6c8203aa8d55c2260a84950c6b85a2d31fe24bafdf595dd66a103",
    "https://raw.githubusercontent.com/i-xi-dev/type.es/4.0.0/src/basics/timeout_error.ts": "c4575b22c016618a15e17ab2f8388648ea83860029f20fc153c3182fe49edfeb",
    "https://raw.githubusercontent.com/i-xi-dev/type.es/4.0.0/src/env.ts": "22b6b391486e25ad173accad3fe8520df123635dd2283e7ab98ac25a3283ff79",
    "https://raw.githubusercontent.com/i-xi-dev/type.es/4.0.0/src/events/compat/_progress_event.ts": "12fe608c0e7c6c49ee5056ef8096acd3821e522c6c71992c6b99c1c8d35745c1",
    "https://raw.githubusercontent.com/i-xi-dev/type.es/4.0.0/src/events/event_factory.ts": "88c6de951c77018e099fe69102c059cd52d90523dfd55f7f622bd17614f80a14",
    "https://raw.githubusercontent.com/i-xi-dev/type.es/4.0.0/src/events/mod.ts": "d9362974c698ef327b0d306732e1875dc2a017f5c7464c7ebe346af2ca23bc78",
    "https://raw.githubusercontent.com/i-xi-dev/type.es/4.0.0/src/numerics/big_uint.ts": "826eded4bb9a5f185886c214c5830e37d3990776da9581bc7bdffc4df2834204",
    "https://raw.githubusercontent.com/i-xi-dev/type.es/4.0.0/src/numerics/bigint_range.ts": "432e90edde20f06375f52dbcf7051c4d67130f58c751993e2f31a35d80e5465d",
    "https://raw.githubusercontent.com/i-xi-dev/type.es/4.0.0/src/numerics/bigint_type.ts": "a2ea24bf10006b91dd42ca0c7e636948dd0df9c65155b66e9025cf070328e88e",
    "https://raw.githubusercontent.com/i-xi-dev/type.es/4.0.0/src/numerics/integer.ts": "20e9015d064bfdfd00233241349ce9034a14d3b6fb74eb3063d542b32f16ad81",
    "https://raw.githubusercontent.com/i-xi-dev/type.es/4.0.0/src/numerics/integer_range.ts": "af7449d0e638f2c7c8b8d2bf72a4f83cbbfea49e61e3e2ae6317782c512cf159",
    "https://raw.githubusercontent.com/i-xi-dev/type.es/4.0.0/src/numerics/main.ts": "48015a9114a2254b606feaea98dcb53ea3f9ee19f0082fd82208f8ecdd5a471a",
    "https://raw.githubusercontent.com/i-xi-dev/type.es/4.0.0/src/numerics/mod.ts": "4de38657eccaf7ce1ee42c9f19dc24b31bf458c6cb73e6b0ea5b59f7ebdf1d4b",
    "https://raw.githubusercontent.com/i-xi-dev/type.es/4.0.0/src/numerics/number_type.ts": "56606121b9e98c0e2b560db10f767ee98248c59500efc82015dcd9af8c1de39b",
    "https://raw.githubusercontent.com/i-xi-dev/type.es/4.0.0/src/numerics/overflow_mode.ts": "d2171daf42aa9373d1148b03f63913a9c6b8c90748374a6cc865393a9ff0ed75",
    "https://raw.githubusercontent.com/i-xi-dev/type.es/4.0.0/src/numerics/radix.ts": "bcfe41894f321dd08ad262099737004c8a3e57f9978603058686af9696de4819",
    "https://raw.githubusercontent.com/i-xi-dev/type.es/4.0.0/src/numerics/ranged_integer.ts": "dd249e4bec9c6914fd09f9891748aa4825285612e58ba32cf9c471ad8b2d4256",
    "https://raw.githubusercontent.com/i-xi-dev/type.es/4.0.0/src/numerics/rounding_mode.ts": "f2c30be14fed99101921ad4147ce6199b0aee7f9a4a4da60ba281f9cd543c418",
    "https://raw.githubusercontent.com/i-xi-dev/type.es/4.0.0/src/numerics/safe_integer.ts": "f19b4f8ef5258e87d369524237e5165f83839aacfe2988f2a7e56aad30381e57",
    "https://raw.githubusercontent.com/i-xi-dev/type.es/4.0.0/src/numerics/safe_integer_range.ts": "c185f3c9587d6d676eafcf42bd27784215af4b7bd1f8e5ebf68ba73c25e7d657",
    "https://raw.githubusercontent.com/i-xi-dev/type.es/4.0.0/src/numerics/uint.ts": "ae89bc663b67457a7fe437531c3524f195749290f64f7c9ebc2610f3e37367d8",
    "https://raw.githubusercontent.com/i-xi-dev/type.es/4.0.0/src/numerics/uint8_iterable.ts": "df242587d4fd5f5eaaf0dfa876c650d256b27a5b65be9da84f886f3c86d40f2d",
    "https://raw.githubusercontent.com/i-xi-dev/type.es/4.0.0/src/text/code_point.ts": "757f29bd3a2341bce91cf1823fd00b9ff1801d29443dcab4caee311c7cae8dec",
    "https://raw.githubusercontent.com/i-xi-dev/type.es/4.0.0/src/text/mod.ts": "861c322fa75712bdb90e2e2f3260f93c645cbc38c68bba6e49fd8fbab0e8f060",
    "https://raw.githubusercontent.com/i-xi-dev/type.es/4.0.0/src/text/plane.ts": "0fd19f5655b877e60c43f89ed46066a8abcf55e4452d6abdb7a29f8f3f88efcd",
    "https://raw.githubusercontent.com/i-xi-dev/type.es/4.0.0/src/text/rune.ts": "99a8ba4b2a0ca697434389af3e1d08b4f83a17019850a3856279d7fb951ecfc3",
    "https://raw.githubusercontent.com/i-xi-dev/type.es/4.0.0/src/text/rune_sequence.ts": "d4bb291f9a8bc08a2d2cb01ea5c8725a4ad69bae2046a9a7e5436aadde9eec82",
    "https://raw.githubusercontent.com/i-xi-dev/type.es/4.0.0/src/text/unicode.ts": "5a549065f26f9a1c6d9f4993ed657dfe0e2872dd211e839d01f92de61973074f"
  },
  "workspace": {
    "dependencies": [
      "jsr:@std/assert@1.0.10"
    ]
  }
}
